// !$*UTF8*$!
{
	archiveVersion = 1;
	classes = {
	};
	objectVersion = 50;
	objects = {

/* Begin PBXBuildFile section */
		28503E5E244324E800965D93 /* OverviewVC.swift in Sources */ = {isa = PBXBuildFile; fileRef = 28503E5D244324E800965D93 /* OverviewVC.swift */; };
		28503E642443505200965D93 /* CategoryCVCell.swift in Sources */ = {isa = PBXBuildFile; fileRef = 28503E632443505200965D93 /* CategoryCVCell.swift */; };
		28503E68244389E700965D93 /* ActivityVC.swift in Sources */ = {isa = PBXBuildFile; fileRef = 28503E67244389E700965D93 /* ActivityVC.swift */; };
		28C19F8B24419E3700037D4A /* AppDelegate.swift in Sources */ = {isa = PBXBuildFile; fileRef = 28C19F8A24419E3700037D4A /* AppDelegate.swift */; };
		28C19F8D24419E3700037D4A /* SceneDelegate.swift in Sources */ = {isa = PBXBuildFile; fileRef = 28C19F8C24419E3700037D4A /* SceneDelegate.swift */; };
		28C19F8F24419E3700037D4A /* CategoryVC.swift in Sources */ = {isa = PBXBuildFile; fileRef = 28C19F8E24419E3700037D4A /* CategoryVC.swift */; };
		28C19F9224419E3700037D4A /* Main.storyboard in Resources */ = {isa = PBXBuildFile; fileRef = 28C19F9024419E3700037D4A /* Main.storyboard */; };
		28C19F9524419E3700037D4A /* MC1.xcdatamodeld in Sources */ = {isa = PBXBuildFile; fileRef = 28C19F9324419E3700037D4A /* MC1.xcdatamodeld */; };
		28C19F9724419E3800037D4A /* Assets.xcassets in Resources */ = {isa = PBXBuildFile; fileRef = 28C19F9624419E3800037D4A /* Assets.xcassets */; };
		28C19F9A24419E3800037D4A /* LaunchScreen.storyboard in Resources */ = {isa = PBXBuildFile; fileRef = 28C19F9824419E3800037D4A /* LaunchScreen.storyboard */; };
		28C19FA624419F4000037D4A /* CategoryTVCell.swift in Sources */ = {isa = PBXBuildFile; fileRef = 28C19FA424419F4000037D4A /* CategoryTVCell.swift */; };
		28C19FA724419F4000037D4A /* CategoryTVCell.xib in Resources */ = {isa = PBXBuildFile; fileRef = 28C19FA524419F4000037D4A /* CategoryTVCell.xib */; };
/* End PBXBuildFile section */

/* Begin PBXFileReference section */
		28503E5D244324E800965D93 /* OverviewVC.swift */ = {isa = PBXFileReference; lastKnownFileType = sourcecode.swift; path = OverviewVC.swift; sourceTree = SOURCE_ROOT; };
		28503E632443505200965D93 /* CategoryCVCell.swift */ = {isa = PBXFileReference; lastKnownFileType = sourcecode.swift; path = CategoryCVCell.swift; sourceTree = "<group>"; };
		28503E67244389E700965D93 /* ActivityVC.swift */ = {isa = PBXFileReference; lastKnownFileType = sourcecode.swift; path = ActivityVC.swift; sourceTree = "<group>"; };
		28C19F8724419E3700037D4A /* MC1.app */ = {isa = PBXFileReference; explicitFileType = wrapper.application; includeInIndex = 0; path = MC1.app; sourceTree = BUILT_PRODUCTS_DIR; };
		28C19F8A24419E3700037D4A /* AppDelegate.swift */ = {isa = PBXFileReference; lastKnownFileType = sourcecode.swift; path = AppDelegate.swift; sourceTree = "<group>"; };
		28C19F8C24419E3700037D4A /* SceneDelegate.swift */ = {isa = PBXFileReference; lastKnownFileType = sourcecode.swift; path = SceneDelegate.swift; sourceTree = "<group>"; };
		28C19F8E24419E3700037D4A /* CategoryVC.swift */ = {isa = PBXFileReference; lastKnownFileType = sourcecode.swift; path = CategoryVC.swift; sourceTree = "<group>"; };
		28C19F9124419E3700037D4A /* Base */ = {isa = PBXFileReference; lastKnownFileType = file.storyboard; name = Base; path = Base.lproj/Main.storyboard; sourceTree = "<group>"; };
		28C19F9424419E3700037D4A /* MC1.xcdatamodel */ = {isa = PBXFileReference; lastKnownFileType = wrapper.xcdatamodel; path = MC1.xcdatamodel; sourceTree = "<group>"; };
		28C19F9624419E3800037D4A /* Assets.xcassets */ = {isa = PBXFileReference; lastKnownFileType = folder.assetcatalog; path = Assets.xcassets; sourceTree = "<group>"; };
		28C19F9924419E3800037D4A /* Base */ = {isa = PBXFileReference; lastKnownFileType = file.storyboard; name = Base; path = Base.lproj/LaunchScreen.storyboard; sourceTree = "<group>"; };
		28C19F9B24419E3800037D4A /* Info.plist */ = {isa = PBXFileReference; lastKnownFileType = text.plist.xml; path = Info.plist; sourceTree = "<group>"; };
		28C19FA424419F4000037D4A /* CategoryTVCell.swift */ = {isa = PBXFileReference; lastKnownFileType = sourcecode.swift; name = CategoryTVCell.swift; path = MC1/Controllers/CategoryTVCell.swift; sourceTree = SOURCE_ROOT; };
		28C19FA524419F4000037D4A /* CategoryTVCell.xib */ = {isa = PBXFileReference; lastKnownFileType = file.xib; name = CategoryTVCell.xib; path = MC1/Controllers/CategoryTVCell.xib; sourceTree = SOURCE_ROOT; };
/* End PBXFileReference section */

/* Begin PBXFrameworksBuildPhase section */
		28C19F8424419E3700037D4A /* Frameworks */ = {
			isa = PBXFrameworksBuildPhase;
			buildActionMask = 2147483647;
			files = (
			);
			runOnlyForDeploymentPostprocessing = 0;
		};
/* End PBXFrameworksBuildPhase section */

/* Begin PBXGroup section */
		28C19F7E24419E3700037D4A = {
			isa = PBXGroup;
			children = (
				28C19F8924419E3700037D4A /* MC1 */,
				28C19F8824419E3700037D4A /* Products */,
			);
			sourceTree = "<group>";
		};
		28C19F8824419E3700037D4A /* Products */ = {
			isa = PBXGroup;
			children = (
				28C19F8724419E3700037D4A /* MC1.app */,
			);
			name = Products;
			sourceTree = "<group>";
		};
		28C19F8924419E3700037D4A /* MC1 */ = {
			isa = PBXGroup;
			children = (
				28C19F8A24419E3700037D4A /* AppDelegate.swift */,
				28C19F8C24419E3700037D4A /* SceneDelegate.swift */,
				28C19FA324419E6C00037D4A /* Models */,
				28C19FA124419E4D00037D4A /* Controllers */,
				28C19FA224419E5900037D4A /* Views */,
				28C19F9624419E3800037D4A /* Assets.xcassets */,
				28C19F9824419E3800037D4A /* LaunchScreen.storyboard */,
				28C19F9B24419E3800037D4A /* Info.plist */,
			);
			path = MC1;
			sourceTree = "<group>";
		};
		28C19FA124419E4D00037D4A /* Controllers */ = {
			isa = PBXGroup;
			children = (
				28503E5D244324E800965D93 /* OverviewVC.swift */,
				28503E67244389E700965D93 /* ActivityVC.swift */,
				28503E632443505200965D93 /* CategoryCVCell.swift */,
				28C19F8E24419E3700037D4A /* CategoryVC.swift */,
			);
			path = Controllers;
			sourceTree = "<group>";
		};
		28C19FA224419E5900037D4A /* Views */ = {
			isa = PBXGroup;
			children = (
				28C19FA424419F4000037D4A /* CategoryTVCell.swift */,
				28C19FA524419F4000037D4A /* CategoryTVCell.xib */,
				28C19F9024419E3700037D4A /* Main.storyboard */,
			);
			path = Views;
			sourceTree = "<group>";
		};
		28C19FA324419E6C00037D4A /* Models */ = {
			isa = PBXGroup;
			children = (
				28C19F9324419E3700037D4A /* MC1.xcdatamodeld */,
			);
			path = Models;
			sourceTree = "<group>";
		};
/* End PBXGroup section */

/* Begin PBXNativeTarget section */
		28C19F8624419E3700037D4A /* MC1 */ = {
			isa = PBXNativeTarget;
			buildConfigurationList = 28C19F9E24419E3800037D4A /* Build configuration list for PBXNativeTarget "MC1" */;
			buildPhases = (
				28C19F8324419E3700037D4A /* Sources */,
				28C19F8424419E3700037D4A /* Frameworks */,
				28C19F8524419E3700037D4A /* Resources */,
			);
			buildRules = (
			);
			dependencies = (
			);
			name = MC1;
			productName = MC1;
			productReference = 28C19F8724419E3700037D4A /* MC1.app */;
			productType = "com.apple.product-type.application";
		};
/* End PBXNativeTarget section */

/* Begin PBXProject section */
		28C19F7F24419E3700037D4A /* Project object */ = {
			isa = PBXProject;
			attributes = {
				LastSwiftUpdateCheck = 1130;
				LastUpgradeCheck = 1130;
				ORGANIZATIONNAME = "Yohanes Markus Heksan";
				TargetAttributes = {
					28C19F8624419E3700037D4A = {
						CreatedOnToolsVersion = 11.3.1;
					};
				};
			};
			buildConfigurationList = 28C19F8224419E3700037D4A /* Build configuration list for PBXProject "MC1" */;
			compatibilityVersion = "Xcode 9.3";
			developmentRegion = en;
			hasScannedForEncodings = 0;
			knownRegions = (
				en,
				Base,
			);
			mainGroup = 28C19F7E24419E3700037D4A;
			productRefGroup = 28C19F8824419E3700037D4A /* Products */;
			projectDirPath = "";
			projectRoot = "";
			targets = (
				28C19F8624419E3700037D4A /* MC1 */,
			);
		};
/* End PBXProject section */

/* Begin PBXResourcesBuildPhase section */
		28C19F8524419E3700037D4A /* Resources */ = {
			isa = PBXResourcesBuildPhase;
			buildActionMask = 2147483647;
			files = (
				28C19F9A24419E3800037D4A /* LaunchScreen.storyboard in Resources */,
				28C19F9724419E3800037D4A /* Assets.xcassets in Resources */,
				28C19F9224419E3700037D4A /* Main.storyboard in Resources */,
				28C19FA724419F4000037D4A /* CategoryTVCell.xib in Resources */,
			);
			runOnlyForDeploymentPostprocessing = 0;
		};
/* End PBXResourcesBuildPhase section */

/* Begin PBXSourcesBuildPhase section */
		28C19F8324419E3700037D4A /* Sources */ = {
			isa = PBXSourcesBuildPhase;
			buildActionMask = 2147483647;
			files = (
				28C19F8F24419E3700037D4A /* CategoryVC.swift in Sources */,
				28503E68244389E700965D93 /* ActivityVC.swift in Sources */,
				28503E5E244324E800965D93 /* OverviewVC.swift in Sources */,
				28C19F9524419E3700037D4A /* MC1.xcdatamodeld in Sources */,
				28C19F8B24419E3700037D4A /* AppDelegate.swift in Sources */,
				28C19F8D24419E3700037D4A /* SceneDelegate.swift in Sources */,
				28503E642443505200965D93 /* CategoryCVCell.swift in Sources */,
				28C19FA624419F4000037D4A /* CategoryTVCell.swift in Sources */,
			);
			runOnlyForDeploymentPostprocessing = 0;
		};
/* End PBXSourcesBuildPhase section */

/* Begin PBXVariantGroup section */
		28C19F9024419E3700037D4A /* Main.storyboard */ = {
			isa = PBXVariantGroup;
			children = (
				28C19F9124419E3700037D4A /* Base */,
			);
			name = Main.storyboard;
			sourceTree = "<group>";
		};
		28C19F9824419E3800037D4A /* LaunchScreen.storyboard */ = {
			isa = PBXVariantGroup;
			children = (
				28C19F9924419E3800037D4A /* Base */,
			);
			name = LaunchScreen.storyboard;
			sourceTree = "<group>";
		};
/* End PBXVariantGroup section */

/* Begin XCBuildConfiguration section */
		28C19F9C24419E3800037D4A /* Debug */ = {
			isa = XCBuildConfiguration;
			buildSettings = {
				ALWAYS_SEARCH_USER_PATHS = NO;
				CLANG_ANALYZER_NONNULL = YES;
				CLANG_ANALYZER_NUMBER_OBJECT_CONVERSION = YES_AGGRESSIVE;
				CLANG_CXX_LANGUAGE_STANDARD = "gnu++14";
				CLANG_CXX_LIBRARY = "libc++";
				CLANG_ENABLE_MODULES = YES;
				CLANG_ENABLE_OBJC_ARC = YES;
				CLANG_ENABLE_OBJC_WEAK = YES;
				CLANG_WARN_BLOCK_CAPTURE_AUTORELEASING = YES;
				CLANG_WARN_BOOL_CONVERSION = YES;
				CLANG_WARN_COMMA = YES;
				CLANG_WARN_CONSTANT_CONVERSION = YES;
				CLANG_WARN_DEPRECATED_OBJC_IMPLEMENTATIONS = YES;
				CLANG_WARN_DIRECT_OBJC_ISA_USAGE = YES_ERROR;
				CLANG_WARN_DOCUMENTATION_COMMENTS = YES;
				CLANG_WARN_EMPTY_BODY = YES;
				CLANG_WARN_ENUM_CONVERSION = YES;
				CLANG_WARN_INFINITE_RECURSION = YES;
				CLANG_WARN_INT_CONVERSION = YES;
				CLANG_WARN_NON_LITERAL_NULL_CONVERSION = YES;
				CLANG_WARN_OBJC_IMPLICIT_RETAIN_SELF = YES;
				CLANG_WARN_OBJC_LITERAL_CONVERSION = YES;
				CLANG_WARN_OBJC_ROOT_CLASS = YES_ERROR;
				CLANG_WARN_RANGE_LOOP_ANALYSIS = YES;
				CLANG_WARN_STRICT_PROTOTYPES = YES;
				CLANG_WARN_SUSPICIOUS_MOVE = YES;
				CLANG_WARN_UNGUARDED_AVAILABILITY = YES_AGGRESSIVE;
				CLANG_WARN_UNREACHABLE_CODE = YES;
				CLANG_WARN__DUPLICATE_METHOD_MATCH = YES;
				COPY_PHASE_STRIP = NO;
				DEBUG_INFORMATION_FORMAT = dwarf;
				ENABLE_STRICT_OBJC_MSGSEND = YES;
				ENABLE_TESTABILITY = YES;
				GCC_C_LANGUAGE_STANDARD = gnu11;
				GCC_DYNAMIC_NO_PIC = NO;
				GCC_NO_COMMON_BLOCKS = YES;
				GCC_OPTIMIZATION_LEVEL = 0;
				GCC_PREPROCESSOR_DEFINITIONS = (
					"DEBUG=1",
					"$(inherited)",
				);
				GCC_WARN_64_TO_32_BIT_CONVERSION = YES;
				GCC_WARN_ABOUT_RETURN_TYPE = YES_ERROR;
				GCC_WARN_UNDECLARED_SELECTOR = YES;
				GCC_WARN_UNINITIALIZED_AUTOS = YES_AGGRESSIVE;
				GCC_WARN_UNUSED_FUNCTION = YES;
				GCC_WARN_UNUSED_VARIABLE = YES;
				IPHONEOS_DEPLOYMENT_TARGET = 13.2;
				MTL_ENABLE_DEBUG_INFO = INCLUDE_SOURCE;
				MTL_FAST_MATH = YES;
				ONLY_ACTIVE_ARCH = YES;
				SDKROOT = iphoneos;
				SWIFT_ACTIVE_COMPILATION_CONDITIONS = DEBUG;
				SWIFT_OPTIMIZATION_LEVEL = "-Onone";
			};
			name = Debug;
		};
		28C19F9D24419E3800037D4A /* Release */ = {
			isa = XCBuildConfiguration;
			buildSettings = {
				ALWAYS_SEARCH_USER_PATHS = NO;
				CLANG_ANALYZER_NONNULL = YES;
				CLANG_ANALYZER_NUMBER_OBJECT_CONVERSION = YES_AGGRESSIVE;
				CLANG_CXX_LANGUAGE_STANDARD = "gnu++14";
				CLANG_CXX_LIBRARY = "libc++";
				CLANG_ENABLE_MODULES = YES;
				CLANG_ENABLE_OBJC_ARC = YES;
				CLANG_ENABLE_OBJC_WEAK = YES;
				CLANG_WARN_BLOCK_CAPTURE_AUTORELEASING = YES;
				CLANG_WARN_BOOL_CONVERSION = YES;
				CLANG_WARN_COMMA = YES;
				CLANG_WARN_CONSTANT_CONVERSION = YES;
				CLANG_WARN_DEPRECATED_OBJC_IMPLEMENTATIONS = YES;
				CLANG_WARN_DIRECT_OBJC_ISA_USAGE = YES_ERROR;
				CLANG_WARN_DOCUMENTATION_COMMENTS = YES;
				CLANG_WARN_EMPTY_BODY = YES;
				CLANG_WARN_ENUM_CONVERSION = YES;
				CLANG_WARN_INFINITE_RECURSION = YES;
				CLANG_WARN_INT_CONVERSION = YES;
				CLANG_WARN_NON_LITERAL_NULL_CONVERSION = YES;
				CLANG_WARN_OBJC_IMPLICIT_RETAIN_SELF = YES;
				CLANG_WARN_OBJC_LITERAL_CONVERSION = YES;
				CLANG_WARN_OBJC_ROOT_CLASS = YES_ERROR;
				CLANG_WARN_RANGE_LOOP_ANALYSIS = YES;
				CLANG_WARN_STRICT_PROTOTYPES = YES;
				CLANG_WARN_SUSPICIOUS_MOVE = YES;
				CLANG_WARN_UNGUARDED_AVAILABILITY = YES_AGGRESSIVE;
				CLANG_WARN_UNREACHABLE_CODE = YES;
				CLANG_WARN__DUPLICATE_METHOD_MATCH = YES;
				COPY_PHASE_STRIP = NO;
				DEBUG_INFORMATION_FORMAT = "dwarf-with-dsym";
				ENABLE_NS_ASSERTIONS = NO;
				ENABLE_STRICT_OBJC_MSGSEND = YES;
				GCC_C_LANGUAGE_STANDARD = gnu11;
				GCC_NO_COMMON_BLOCKS = YES;
				GCC_WARN_64_TO_32_BIT_CONVERSION = YES;
				GCC_WARN_ABOUT_RETURN_TYPE = YES_ERROR;
				GCC_WARN_UNDECLARED_SELECTOR = YES;
				GCC_WARN_UNINITIALIZED_AUTOS = YES_AGGRESSIVE;
				GCC_WARN_UNUSED_FUNCTION = YES;
				GCC_WARN_UNUSED_VARIABLE = YES;
				IPHONEOS_DEPLOYMENT_TARGET = 13.2;
				MTL_ENABLE_DEBUG_INFO = NO;
				MTL_FAST_MATH = YES;
				SDKROOT = iphoneos;
				SWIFT_COMPILATION_MODE = wholemodule;
				SWIFT_OPTIMIZATION_LEVEL = "-O";
				VALIDATE_PRODUCT = YES;
			};
			name = Release;
		};
		28C19F9F24419E3800037D4A /* Debug */ = {
			isa = XCBuildConfiguration;
			buildSettings = {
				ASSETCATALOG_COMPILER_APPICON_NAME = AppIcon;
				CODE_SIGN_STYLE = Automatic;
				DEVELOPMENT_TEAM = 8F28SDPW6X;
				INFOPLIST_FILE = MC1/Info.plist;
				LD_RUNPATH_SEARCH_PATHS = (
					"$(inherited)",
					"@executable_path/Frameworks",
				);
				PRODUCT_BUNDLE_IDENTIFIER = com.ymheksan.MC1;
				PRODUCT_NAME = "$(TARGET_NAME)";
				SWIFT_VERSION = 5.0;
				TARGETED_DEVICE_FAMILY = "1,2";
			};
			name = Debug;
		};
		28C19FA024419E3800037D4A /* Release */ = {
			isa = XCBuildConfiguration;
			buildSettings = {
				ASSETCATALOG_COMPILER_APPICON_NAME = AppIcon;
				CODE_SIGN_STYLE = Automatic;
				DEVELOPMENT_TEAM = 8F28SDPW6X;
				INFOPLIST_FILE = MC1/Info.plist;
				LD_RUNPATH_SEARCH_PATHS = (
					"$(inherited)",
					"@executable_path/Frameworks",
				);
				PRODUCT_BUNDLE_IDENTIFIER = com.ymheksan.MC1;
				PRODUCT_NAME = "$(TARGET_NAME)";
				SWIFT_VERSION = 5.0;
				TARGETED_DEVICE_FAMILY = "1,2";
			};
			name = Release;
		};
/* End XCBuildConfiguration section */

/* Begin XCConfigurationList section */
		28C19F8224419E3700037D4A /* Build configuration list for PBXProject "MC1" */ = {
			isa = XCConfigurationList;
			buildConfigurations = (
				28C19F9C24419E3800037D4A /* Debug */,
				28C19F9D24419E3800037D4A /* Release */,
			);
			defaultConfigurationIsVisible = 0;
			defaultConfigurationName = Release;
		};
		28C19F9E24419E3800037D4A /* Build configuration list for PBXNativeTarget "MC1" */ = {
			isa = XCConfigurationList;
			buildConfigurations = (
				28C19F9F24419E3800037D4A /* Debug */,
				28C19FA024419E3800037D4A /* Release */,
			);
			defaultConfigurationIsVisible = 0;
			defaultConfigurationName = Release;
		};
/* End XCConfigurationList section */

/* Begin XCVersionGroup section */
		28C19F9324419E3700037D4A /* MC1.xcdatamodeld */ = {
			isa = XCVersionGroup;
			children = (
				28C19F9424419E3700037D4A /* MC1.xcdatamodel */,
			);
			currentVersion = 28C19F9424419E3700037D4A /* MC1.xcdatamodel */;
			path = MC1.xcdatamodeld;
			sourceTree = "<group>";
			versionGroupType = wrapper.xcdatamodel;
		};
/* End XCVersionGroup section */
	};
	rootObject = 28C19F7F24419E3700037D4A /* Project object */;
}
